// !$*UTF8*$!
{
	archiveVersion = 1;
	classes = {
	};
	objectVersion = 56;
	objects = {

/* Begin PBXBuildFile section */
		53F62AA529BADE0200B0AE3E /* main.cpp in Sources */ = {isa = PBXBuildFile; fileRef = 53F62AA429BADE0200B0AE3E /* main.cpp */; };
		53F62AA829BADE3900B0AE3E /* Movie.cpp in Sources */ = {isa = PBXBuildFile; fileRef = 53F62AA629BADE3900B0AE3E /* Movie.cpp */; };
		53F62AAB29BADE7500B0AE3E /* MovieDatabase.cpp in Sources */ = {isa = PBXBuildFile; fileRef = 53F62AA929BADE7500B0AE3E /* MovieDatabase.cpp */; };
		53F62AAE29BADEAB00B0AE3E /* Recommender.cpp in Sources */ = {isa = PBXBuildFile; fileRef = 53F62AAC29BADEAB00B0AE3E /* Recommender.cpp */; };
		53F62AB129BADEDE00B0AE3E /* User.cpp in Sources */ = {isa = PBXBuildFile; fileRef = 53F62AAF29BADEDE00B0AE3E /* User.cpp */; };
		53F62AB429BADEF200B0AE3E /* UserDatabase.cpp in Sources */ = {isa = PBXBuildFile; fileRef = 53F62AB229BADEF200B0AE3E /* UserDatabase.cpp */; };
/* End PBXBuildFile section */

/* Begin PBXCopyFilesBuildPhase section */
		53F62A9829BAA3EB00B0AE3E /* CopyFiles */ = {
			isa = PBXCopyFilesBuildPhase;
			buildActionMask = 2147483647;
			dstPath = /usr/share/man/man1/;
			dstSubfolderSpec = 0;
			files = (
			);
			runOnlyForDeploymentPostprocessing = 1;
		};
/* End PBXCopyFilesBuildPhase section */

/* Begin PBXFileReference section */
		53F62A9A29BAA3EB00B0AE3E /* Project4 */ = {isa = PBXFileReference; explicitFileType = "compiled.mach-o.executable"; includeInIndex = 0; path = Project4; sourceTree = BUILT_PRODUCTS_DIR; };
		53F62AA429BADE0200B0AE3E /* main.cpp */ = {isa = PBXFileReference; lastKnownFileType = sourcecode.cpp.cpp; path = main.cpp; sourceTree = "<group>"; };
		53F62AA629BADE3900B0AE3E /* Movie.cpp */ = {isa = PBXFileReference; lastKnownFileType = sourcecode.cpp.cpp; path = Movie.cpp; sourceTree = "<group>"; };
		53F62AA729BADE3900B0AE3E /* Movie.h */ = {isa = PBXFileReference; lastKnownFileType = sourcecode.c.h; path = Movie.h; sourceTree = "<group>"; };
		53F62AA929BADE7500B0AE3E /* MovieDatabase.cpp */ = {isa = PBXFileReference; lastKnownFileType = sourcecode.cpp.cpp; path = MovieDatabase.cpp; sourceTree = "<group>"; };
		53F62AAA29BADE7500B0AE3E /* MovieDatabase.h */ = {isa = PBXFileReference; lastKnownFileType = sourcecode.c.h; path = MovieDatabase.h; sourceTree = "<group>"; };
		53F62AAC29BADEAB00B0AE3E /* Recommender.cpp */ = {isa = PBXFileReference; lastKnownFileType = sourcecode.cpp.cpp; path = Recommender.cpp; sourceTree = "<group>"; };
		53F62AAD29BADEAB00B0AE3E /* Recommender.h */ = {isa = PBXFileReference; lastKnownFileType = sourcecode.c.h; path = Recommender.h; sourceTree = "<group>"; };
		53F62AAF29BADEDE00B0AE3E /* User.cpp */ = {isa = PBXFileReference; lastKnownFileType = sourcecode.cpp.cpp; path = User.cpp; sourceTree = "<group>"; };
		53F62AB029BADEDE00B0AE3E /* User.h */ = {isa = PBXFileReference; lastKnownFileType = sourcecode.c.h; path = User.h; sourceTree = "<group>"; };
		53F62AB229BADEF200B0AE3E /* UserDatabase.cpp */ = {isa = PBXFileReference; lastKnownFileType = sourcecode.cpp.cpp; path = UserDatabase.cpp; sourceTree = "<group>"; };
		53F62AB329BADEF200B0AE3E /* UserDatabase.h */ = {isa = PBXFileReference; lastKnownFileType = sourcecode.c.h; path = UserDatabase.h; sourceTree = "<group>"; };
		53F62AB529BADF8700B0AE3E /* treemm.h */ = {isa = PBXFileReference; lastKnownFileType = sourcecode.c.h; path = treemm.h; sourceTree = "<group>"; };
/* End PBXFileReference section */

/* Begin PBXFrameworksBuildPhase section */
		53F62A9729BAA3EB00B0AE3E /* Frameworks */ = {
			isa = PBXFrameworksBuildPhase;
			buildActionMask = 2147483647;
			files = (
			);
			runOnlyForDeploymentPostprocessing = 0;
		};
/* End PBXFrameworksBuildPhase section */

/* Begin PBXGroup section */
		53F62A9129BAA3EB00B0AE3E = {
			isa = PBXGroup;
			children = (
				53F62A9C29BAA3EB00B0AE3E /* Project4 */,
				53F62A9B29BAA3EB00B0AE3E /* Products */,
			);
			sourceTree = "<group>";
		};
		53F62A9B29BAA3EB00B0AE3E /* Products */ = {
			isa = PBXGroup;
			children = (
				53F62A9A29BAA3EB00B0AE3E /* Project4 */,
			);
			name = Products;
			sourceTree = "<group>";
		};
		53F62A9C29BAA3EB00B0AE3E /* Project4 */ = {
			isa = PBXGroup;
			children = (
				53F62AA429BADE0200B0AE3E /* main.cpp */,
				53F62AA629BADE3900B0AE3E /* Movie.cpp */,
				53F62AA729BADE3900B0AE3E /* Movie.h */,
				53F62AA929BADE7500B0AE3E /* MovieDatabase.cpp */,
				53F62AAA29BADE7500B0AE3E /* MovieDatabase.h */,
				53F62AAC29BADEAB00B0AE3E /* Recommender.cpp */,
				53F62AAD29BADEAB00B0AE3E /* Recommender.h */,
				53F62AAF29BADEDE00B0AE3E /* User.cpp */,
				53F62AB029BADEDE00B0AE3E /* User.h */,
				53F62AB229BADEF200B0AE3E /* UserDatabase.cpp */,
				53F62AB329BADEF200B0AE3E /* UserDatabase.h */,
				53F62AB529BADF8700B0AE3E /* treemm.h */,
			);
			path = Project4;
			sourceTree = "<group>";
		};
/* End PBXGroup section */

/* Begin PBXNativeTarget section */
		53F62A9929BAA3EB00B0AE3E /* Project4 */ = {
			isa = PBXNativeTarget;
			buildConfigurationList = 53F62AA129BAA3EB00B0AE3E /* Build configuration list for PBXNativeTarget "Project4" */;
			buildPhases = (
				53F62A9629BAA3EB00B0AE3E /* Sources */,
				53F62A9729BAA3EB00B0AE3E /* Frameworks */,
				53F62A9829BAA3EB00B0AE3E /* CopyFiles */,
			);
			buildRules = (
			);
			dependencies = (
			);
			name = Project4;
			productName = Project4;
			productReference = 53F62A9A29BAA3EB00B0AE3E /* Project4 */;
			productType = "com.apple.product-type.tool";
		};
/* End PBXNativeTarget section */

/* Begin PBXProject section */
		53F62A9229BAA3EB00B0AE3E /* Project object */ = {
			isa = PBXProject;
			attributes = {
				BuildIndependentTargetsInParallel = 1;
				LastUpgradeCheck = 1420;
				TargetAttributes = {
					53F62A9929BAA3EB00B0AE3E = {
						CreatedOnToolsVersion = 14.2;
					};
				};
			};
			buildConfigurationList = 53F62A9529BAA3EB00B0AE3E /* Build configuration list for PBXProject "Project4" */;
			compatibilityVersion = "Xcode 14.0";
			developmentRegion = en;
			hasScannedForEncodings = 0;
			knownRegions = (
				en,
				Base,
			);
			mainGroup = 53F62A9129BAA3EB00B0AE3E;
			productRefGroup = 53F62A9B29BAA3EB00B0AE3E /* Products */;
			projectDirPath = "";
			projectRoot = "";
			targets = (
				53F62A9929BAA3EB00B0AE3E /* Project4 */,
			);
		};
/* End PBXProject section */

/* Begin PBXSourcesBuildPhase section */
		53F62A9629BAA3EB00B0AE3E /* Sources */ = {
			isa = PBXSourcesBuildPhase;
			buildActionMask = 2147483647;
			files = (
				53F62AA829BADE3900B0AE3E /* Movie.cpp in Sources */,
				53F62AB429BADEF200B0AE3E /* UserDatabase.cpp in Sources */,
				53F62AAE29BADEAB00B0AE3E /* Recommender.cpp in Sources */,
				53F62AAB29BADE7500B0AE3E /* MovieDatabase.cpp in Sources */,
				53F62AA529BADE0200B0AE3E /* main.cpp in Sources */,
				53F62AB129BADEDE00B0AE3E /* User.cpp in Sources */,
			);
			runOnlyForDeploymentPostprocessing = 0;
		};
/* End PBXSourcesBuildPhase section */

/* Begin XCBuildConfiguration section */
		53F62A9F29BAA3EB00B0AE3E /* Debug */ = {
			isa = XCBuildConfiguration;
			buildSettings = {
				ALWAYS_SEARCH_USER_PATHS = NO;
				CLANG_ANALYZER_NONNULL = YES;
				CLANG_ANALYZER_NUMBER_OBJECT_CONVERSION = YES_AGGRESSIVE;
				CLANG_CXX_LANGUAGE_STANDARD = "gnu++20";
				CLANG_ENABLE_MODULES = YES;
				CLANG_ENABLE_OBJC_ARC = YES;
				CLANG_ENABLE_OBJC_WEAK = YES;
				CLANG_WARN_BLOCK_CAPTURE_AUTORELEASING = YES;
				CLANG_WARN_BOOL_CONVERSION = YES;
				CLANG_WARN_COMMA = YES;
				CLANG_WARN_CONSTANT_CONVERSION = YES;
				CLANG_WARN_DEPRECATED_OBJC_IMPLEMENTATIONS = YES;
				CLANG_WARN_DIRECT_OBJC_ISA_USAGE = YES_ERROR;
				CLANG_WARN_DOCUMENTATION_COMMENTS = YES;
				CLANG_WARN_EMPTY_BODY = YES;
				CLANG_WARN_ENUM_CONVERSION = YES;
				CLANG_WARN_INFINITE_RECURSION = YES;
				CLANG_WARN_INT_CONVERSION = YES;
				CLANG_WARN_NON_LITERAL_NULL_CONVERSION = YES;
				CLANG_WARN_OBJC_IMPLICIT_RETAIN_SELF = YES;
				CLANG_WARN_OBJC_LITERAL_CONVERSION = YES;
				CLANG_WARN_OBJC_ROOT_CLASS = YES_ERROR;
				CLANG_WARN_QUOTED_INCLUDE_IN_FRAMEWORK_HEADER = YES;
				CLANG_WARN_RANGE_LOOP_ANALYSIS = YES;
				CLANG_WARN_STRICT_PROTOTYPES = YES;
				CLANG_WARN_SUSPICIOUS_MOVE = YES;
				CLANG_WARN_UNGUARDED_AVAILABILITY = YES_AGGRESSIVE;
				CLANG_WARN_UNREACHABLE_CODE = YES;
				CLANG_WARN__DUPLICATE_METHOD_MATCH = YES;
				COPY_PHASE_STRIP = NO;
				DEBUG_INFORMATION_FORMAT = dwarf;
				ENABLE_STRICT_OBJC_MSGSEND = YES;
				ENABLE_TESTABILITY = YES;
				GCC_C_LANGUAGE_STANDARD = gnu11;
				GCC_DYNAMIC_NO_PIC = NO;
				GCC_NO_COMMON_BLOCKS = YES;
				GCC_OPTIMIZATION_LEVEL = 0;
				GCC_PREPROCESSOR_DEFINITIONS = (
					"DEBUG=1",
					"$(inherited)",
				);
				GCC_WARN_64_TO_32_BIT_CONVERSION = YES;
				GCC_WARN_ABOUT_RETURN_TYPE = YES_ERROR;
				GCC_WARN_UNDECLARED_SELECTOR = YES;
				GCC_WARN_UNINITIALIZED_AUTOS = YES_AGGRESSIVE;
				GCC_WARN_UNUSED_FUNCTION = YES;
				GCC_WARN_UNUSED_VARIABLE = YES;
				MACOSX_DEPLOYMENT_TARGET = 13.1;
				MTL_ENABLE_DEBUG_INFO = INCLUDE_SOURCE;
				MTL_FAST_MATH = YES;
				ONLY_ACTIVE_ARCH = YES;
				SDKROOT = macosx;
			};
			name = Debug;
		};
		53F62AA029BAA3EB00B0AE3E /* Release */ = {
			isa = XCBuildConfiguration;
			buildSettings = {
				ALWAYS_SEARCH_USER_PATHS = NO;
				CLANG_ANALYZER_NONNULL = YES;
				CLANG_ANALYZER_NUMBER_OBJECT_CONVERSION = YES_AGGRESSIVE;
				CLANG_CXX_LANGUAGE_STANDARD = "gnu++20";
				CLANG_ENABLE_MODULES = YES;
				CLANG_ENABLE_OBJC_ARC = YES;
				CLANG_ENABLE_OBJC_WEAK = YES;
				CLANG_WARN_BLOCK_CAPTURE_AUTORELEASING = YES;
				CLANG_WARN_BOOL_CONVERSION = YES;
				CLANG_WARN_COMMA = YES;
				CLANG_WARN_CONSTANT_CONVERSION = YES;
				CLANG_WARN_DEPRECATED_OBJC_IMPLEMENTATIONS = YES;
				CLANG_WARN_DIRECT_OBJC_ISA_USAGE = YES_ERROR;
				CLANG_WARN_DOCUMENTATION_COMMENTS = YES;
				CLANG_WARN_EMPTY_BODY = YES;
				CLANG_WARN_ENUM_CONVERSION = YES;
				CLANG_WARN_INFINITE_RECURSION = YES;
				CLANG_WARN_INT_CONVERSION = YES;
				CLANG_WARN_NON_LITERAL_NULL_CONVERSION = YES;
				CLANG_WARN_OBJC_IMPLICIT_RETAIN_SELF = YES;
				CLANG_WARN_OBJC_LITERAL_CONVERSION = YES;
				CLANG_WARN_OBJC_ROOT_CLASS = YES_ERROR;
				CLANG_WARN_QUOTED_INCLUDE_IN_FRAMEWORK_HEADER = YES;
				CLANG_WARN_RANGE_LOOP_ANALYSIS = YES;
				CLANG_WARN_STRICT_PROTOTYPES = YES;
				CLANG_WARN_SUSPICIOUS_MOVE = YES;
				CLANG_WARN_UNGUARDED_AVAILABILITY = YES_AGGRESSIVE;
				CLANG_WARN_UNREACHABLE_CODE = YES;
				CLANG_WARN__DUPLICATE_METHOD_MATCH = YES;
				COPY_PHASE_STRIP = NO;
				DEBUG_INFORMATION_FORMAT = "dwarf-with-dsym";
				ENABLE_NS_ASSERTIONS = NO;
				ENABLE_STRICT_OBJC_MSGSEND = YES;
				GCC_C_LANGUAGE_STANDARD = gnu11;
				GCC_NO_COMMON_BLOCKS = YES;
				GCC_WARN_64_TO_32_BIT_CONVERSION = YES;
				GCC_WARN_ABOUT_RETURN_TYPE = YES_ERROR;
				GCC_WARN_UNDECLARED_SELECTOR = YES;
				GCC_WARN_UNINITIALIZED_AUTOS = YES_AGGRESSIVE;
				GCC_WARN_UNUSED_FUNCTION = YES;
				GCC_WARN_UNUSED_VARIABLE = YES;
				MACOSX_DEPLOYMENT_TARGET = 13.1;
				MTL_ENABLE_DEBUG_INFO = NO;
				MTL_FAST_MATH = YES;
				SDKROOT = macosx;
			};
			name = Release;
		};
		53F62AA229BAA3EB00B0AE3E /* Debug */ = {
			isa = XCBuildConfiguration;
			buildSettings = {
				CODE_SIGN_STYLE = Automatic;
				PRODUCT_NAME = "$(TARGET_NAME)";
			};
			name = Debug;
		};
		53F62AA329BAA3EB00B0AE3E /* Release */ = {
			isa = XCBuildConfiguration;
			buildSettings = {
				CODE_SIGN_STYLE = Automatic;
				PRODUCT_NAME = "$(TARGET_NAME)";
			};
			name = Release;
		};
/* End XCBuildConfiguration section */

/* Begin XCConfigurationList section */
		53F62A9529BAA3EB00B0AE3E /* Build configuration list for PBXProject "Project4" */ = {
			isa = XCConfigurationList;
			buildConfigurations = (
				53F62A9F29BAA3EB00B0AE3E /* Debug */,
				53F62AA029BAA3EB00B0AE3E /* Release */,
			);
			defaultConfigurationIsVisible = 0;
			defaultConfigurationName = Release;
		};
		53F62AA129BAA3EB00B0AE3E /* Build configuration list for PBXNativeTarget "Project4" */ = {
			isa = XCConfigurationList;
			buildConfigurations = (
				53F62AA229BAA3EB00B0AE3E /* Debug */,
				53F62AA329BAA3EB00B0AE3E /* Release */,
			);
			defaultConfigurationIsVisible = 0;
			defaultConfigurationName = Release;
		};
/* End XCConfigurationList section */
	};
	rootObject = 53F62A9229BAA3EB00B0AE3E /* Project object */;
}
